
Microsoft Visual Studio Solution File, Format Version 12.00
# Visual Studio Version 16
VisualStudioVersion = 16.0.30717.126
MinimumVisualStudioVersion = 10.0.40219.1
Project("{FAE04EC0-301F-11D3-BF4B-00C04F79EFBC}") = "Proje2", "Proje2\Proje2.csproj", "{953A8CA2-4E7D-47BE-81ED-9D696F703679}"
EndProject
Global
	GlobalSection(SolutionConfigurationPlatforms) = preSolution
		Debug|Any CPU = Debug|Any CPU
		Release|Any CPU = Release|Any CPU
	EndGlobalSection
	GlobalSection(ProjectConfigurationPlatforms) = postSolution
		{953A8CA2-4E7D-47BE-81ED-9D696F703679}.Debug|Any CPU.ActiveCfg = Debug|Any CPU
		{953A8CA2-4E7D-47BE-81ED-9D696F703679}.Debug|Any CPU.Build.0 = Debug|Any CPU
		{953A8CA2-4E7D-47BE-81ED-9D696F703679}.Release|Any CPU.ActiveCfg = Release|Any CPU
		{953A8CA2-4E7D-47BE-81ED-9D696F703679}.Release|Any CPU.Build.0 = Release|Any CPU
	EndGlobalSection
	GlobalSection(SolutionProperties) = preSolution
		HideSolutionNode = FALSE
	EndGlobalSection
	GlobalSection(ExtensibilityGlobals) = postSolution
		SolutionGuid = {F637B21B-B82A-4E26-B130-D72382D3D9AF}
	EndGlobalSection
EndGlobal
